// !$*UTF8*$!
{
	archiveVersion = 1;
	classes = {
	};
	objectVersion = 50;
	objects = {

/* Begin PBXBuildFile section */
		9CBC1E1C25AA7EDF003A6A90 /* AppDelegate.swift in Sources */ = {isa = PBXBuildFile; fileRef = 9CBC1E1B25AA7EDF003A6A90 /* AppDelegate.swift */; };
		9CBC1E1E25AA7EDF003A6A90 /* SceneDelegate.swift in Sources */ = {isa = PBXBuildFile; fileRef = 9CBC1E1D25AA7EDF003A6A90 /* SceneDelegate.swift */; };
		9CBC1E2025AA7EDF003A6A90 /* ViewController.swift in Sources */ = {isa = PBXBuildFile; fileRef = 9CBC1E1F25AA7EDF003A6A90 /* ViewController.swift */; };
		9CBC1E2325AA7EDF003A6A90 /* Main.storyboard in Resources */ = {isa = PBXBuildFile; fileRef = 9CBC1E2125AA7EDF003A6A90 /* Main.storyboard */; };
		9CBC1E2525AA7EE9003A6A90 /* Assets.xcassets in Resources */ = {isa = PBXBuildFile; fileRef = 9CBC1E2425AA7EE9003A6A90 /* Assets.xcassets */; };
		9CBC1E2825AA7EE9003A6A90 /* LaunchScreen.storyboard in Resources */ = {isa = PBXBuildFile; fileRef = 9CBC1E2625AA7EE9003A6A90 /* LaunchScreen.storyboard */; };
		9CBC1E3325AA7EEA003A6A90 /* tippyTests.swift in Sources */ = {isa = PBXBuildFile; fileRef = 9CBC1E3225AA7EEA003A6A90 /* tippyTests.swift */; };
		9CBC1E3E25AA7EEA003A6A90 /* tippyUITests.swift in Sources */ = {isa = PBXBuildFile; fileRef = 9CBC1E3D25AA7EEA003A6A90 /* tippyUITests.swift */; };
/* End PBXBuildFile section */

/* Begin PBXContainerItemProxy section */
		9CBC1E2F25AA7EEA003A6A90 /* PBXContainerItemProxy */ = {
			isa = PBXContainerItemProxy;
			containerPortal = 9CBC1E1025AA7EDE003A6A90 /* Project object */;
			proxyType = 1;
			remoteGlobalIDString = 9CBC1E1725AA7EDE003A6A90;
			remoteInfo = tippy;
		};
		9CBC1E3A25AA7EEA003A6A90 /* PBXContainerItemProxy */ = {
			isa = PBXContainerItemProxy;
			containerPortal = 9CBC1E1025AA7EDE003A6A90 /* Project object */;
			proxyType = 1;
			remoteGlobalIDString = 9CBC1E1725AA7EDE003A6A90;
			remoteInfo = tippy;
		};
/* End PBXContainerItemProxy section */

/* Begin PBXFileReference section */
		9CBC1E1825AA7EDE003A6A90 /* tippy.app */ = {isa = PBXFileReference; explicitFileType = wrapper.application; includeInIndex = 0; path = tippy.app; sourceTree = BUILT_PRODUCTS_DIR; };
		9CBC1E1B25AA7EDF003A6A90 /* AppDelegate.swift */ = {isa = PBXFileReference; lastKnownFileType = sourcecode.swift; path = AppDelegate.swift; sourceTree = "<group>"; };
		9CBC1E1D25AA7EDF003A6A90 /* SceneDelegate.swift */ = {isa = PBXFileReference; lastKnownFileType = sourcecode.swift; path = SceneDelegate.swift; sourceTree = "<group>"; };
		9CBC1E1F25AA7EDF003A6A90 /* ViewController.swift */ = {isa = PBXFileReference; lastKnownFileType = sourcecode.swift; path = ViewController.swift; sourceTree = "<group>"; };
		9CBC1E2225AA7EDF003A6A90 /* Base */ = {isa = PBXFileReference; lastKnownFileType = file.storyboard; name = Base; path = Base.lproj/Main.storyboard; sourceTree = "<group>"; };
		9CBC1E2425AA7EE9003A6A90 /* Assets.xcassets */ = {isa = PBXFileReference; lastKnownFileType = folder.assetcatalog; path = Assets.xcassets; sourceTree = "<group>"; };
		9CBC1E2725AA7EE9003A6A90 /* Base */ = {isa = PBXFileReference; lastKnownFileType = file.storyboard; name = Base; path = Base.lproj/LaunchScreen.storyboard; sourceTree = "<group>"; };
		9CBC1E2925AA7EE9003A6A90 /* Info.plist */ = {isa = PBXFileReference; lastKnownFileType = text.plist.xml; path = Info.plist; sourceTree = "<group>"; };
		9CBC1E2E25AA7EEA003A6A90 /* tippyTests.xctest */ = {isa = PBXFileReference; explicitFileType = wrapper.cfbundle; includeInIndex = 0; path = tippyTests.xctest; sourceTree = BUILT_PRODUCTS_DIR; };
		9CBC1E3225AA7EEA003A6A90 /* tippyTests.swift */ = {isa = PBXFileReference; lastKnownFileType = sourcecode.swift; path = tippyTests.swift; sourceTree = "<group>"; };
		9CBC1E3425AA7EEA003A6A90 /* Info.plist */ = {isa = PBXFileReference; lastKnownFileType = text.plist.xml; path = Info.plist; sourceTree = "<group>"; };
		9CBC1E3925AA7EEA003A6A90 /* tippyUITests.xctest */ = {isa = PBXFileReference; explicitFileType = wrapper.cfbundle; includeInIndex = 0; path = tippyUITests.xctest; sourceTree = BUILT_PRODUCTS_DIR; };
		9CBC1E3D25AA7EEA003A6A90 /* tippyUITests.swift */ = {isa = PBXFileReference; lastKnownFileType = sourcecode.swift; path = tippyUITests.swift; sourceTree = "<group>"; };
		9CBC1E3F25AA7EEA003A6A90 /* Info.plist */ = {isa = PBXFileReference; lastKnownFileType = text.plist.xml; path = Info.plist; sourceTree = "<group>"; };
/* End PBXFileReference section */

/* Begin PBXFrameworksBuildPhase section */
		9CBC1E1525AA7EDE003A6A90 /* Frameworks */ = {
			isa = PBXFrameworksBuildPhase;
			buildActionMask = 2147483647;
			files = (
			);
			runOnlyForDeploymentPostprocessing = 0;
		};
		9CBC1E2B25AA7EEA003A6A90 /* Frameworks */ = {
			isa = PBXFrameworksBuildPhase;
			buildActionMask = 2147483647;
			files = (
			);
			runOnlyForDeploymentPostprocessing = 0;
		};
		9CBC1E3625AA7EEA003A6A90 /* Frameworks */ = {
			isa = PBXFrameworksBuildPhase;
			buildActionMask = 2147483647;
			files = (
			);
			runOnlyForDeploymentPostprocessing = 0;
		};
/* End PBXFrameworksBuildPhase section */

/* Begin PBXGroup section */
		9CBC1E0F25AA7EDE003A6A90 = {
			isa = PBXGroup;
			children = (
				9CBC1E1A25AA7EDE003A6A90 /* tippy */,
				9CBC1E3125AA7EEA003A6A90 /* tippyTests */,
				9CBC1E3C25AA7EEA003A6A90 /* tippyUITests */,
				9CBC1E1925AA7EDE003A6A90 /* Products */,
			);
			sourceTree = "<group>";
		};
		9CBC1E1925AA7EDE003A6A90 /* Products */ = {
			isa = PBXGroup;
			children = (
				9CBC1E1825AA7EDE003A6A90 /* tippy.app */,
				9CBC1E2E25AA7EEA003A6A90 /* tippyTests.xctest */,
				9CBC1E3925AA7EEA003A6A90 /* tippyUITests.xctest */,
			);
			name = Products;
			sourceTree = "<group>";
		};
		9CBC1E1A25AA7EDE003A6A90 /* tippy */ = {
			isa = PBXGroup;
			children = (
				9CBC1E1B25AA7EDF003A6A90 /* AppDelegate.swift */,
				9CBC1E1D25AA7EDF003A6A90 /* SceneDelegate.swift */,
				9CBC1E1F25AA7EDF003A6A90 /* ViewController.swift */,
				9CBC1E2125AA7EDF003A6A90 /* Main.storyboard */,
				9CBC1E2425AA7EE9003A6A90 /* Assets.xcassets */,
				9CBC1E2625AA7EE9003A6A90 /* LaunchScreen.storyboard */,
				9CBC1E2925AA7EE9003A6A90 /* Info.plist */,
			);
			path = tippy;
			sourceTree = "<group>";
		};
		9CBC1E3125AA7EEA003A6A90 /* tippyTests */ = {
			isa = PBXGroup;
			children = (
				9CBC1E3225AA7EEA003A6A90 /* tippyTests.swift */,
				9CBC1E3425AA7EEA003A6A90 /* Info.plist */,
			);
			path = tippyTests;
			sourceTree = "<group>";
		};
		9CBC1E3C25AA7EEA003A6A90 /* tippyUITests */ = {
			isa = PBXGroup;
			children = (
				9CBC1E3D25AA7EEA003A6A90 /* tippyUITests.swift */,
				9CBC1E3F25AA7EEA003A6A90 /* Info.plist */,
			);
			path = tippyUITests;
			sourceTree = "<group>";
		};
/* End PBXGroup section */

/* Begin PBXNativeTarget section */
		9CBC1E1725AA7EDE003A6A90 /* tippy */ = {
			isa = PBXNativeTarget;
			buildConfigurationList = 9CBC1E4225AA7EEA003A6A90 /* Build configuration list for PBXNativeTarget "tippy" */;
			buildPhases = (
				9CBC1E1425AA7EDE003A6A90 /* Sources */,
				9CBC1E1525AA7EDE003A6A90 /* Frameworks */,
				9CBC1E1625AA7EDE003A6A90 /* Resources */,
			);
			buildRules = (
			);
			dependencies = (
			);
			name = tippy;
			productName = tippy;
			productReference = 9CBC1E1825AA7EDE003A6A90 /* tippy.app */;
			productType = "com.apple.product-type.application";
		};
		9CBC1E2D25AA7EEA003A6A90 /* tippyTests */ = {
			isa = PBXNativeTarget;
			buildConfigurationList = 9CBC1E4525AA7EEA003A6A90 /* Build configuration list for PBXNativeTarget "tippyTests" */;
			buildPhases = (
				9CBC1E2A25AA7EEA003A6A90 /* Sources */,
				9CBC1E2B25AA7EEA003A6A90 /* Frameworks */,
				9CBC1E2C25AA7EEA003A6A90 /* Resources */,
			);
			buildRules = (
			);
			dependencies = (
				9CBC1E3025AA7EEA003A6A90 /* PBXTargetDependency */,
			);
			name = tippyTests;
			productName = tippyTests;
			productReference = 9CBC1E2E25AA7EEA003A6A90 /* tippyTests.xctest */;
			productType = "com.apple.product-type.bundle.unit-test";
		};
		9CBC1E3825AA7EEA003A6A90 /* tippyUITests */ = {
			isa = PBXNativeTarget;
			buildConfigurationList = 9CBC1E4825AA7EEA003A6A90 /* Build configuration list for PBXNativeTarget "tippyUITests" */;
			buildPhases = (
				9CBC1E3525AA7EEA003A6A90 /* Sources */,
				9CBC1E3625AA7EEA003A6A90 /* Frameworks */,
				9CBC1E3725AA7EEA003A6A90 /* Resources */,
			);
			buildRules = (
			);
			dependencies = (
				9CBC1E3B25AA7EEA003A6A90 /* PBXTargetDependency */,
			);
			name = tippyUITests;
			productName = tippyUITests;
			productReference = 9CBC1E3925AA7EEA003A6A90 /* tippyUITests.xctest */;
			productType = "com.apple.product-type.bundle.ui-testing";
		};
/* End PBXNativeTarget section */

/* Begin PBXProject section */
		9CBC1E1025AA7EDE003A6A90 /* Project object */ = {
			isa = PBXProject;
			attributes = {
				LastSwiftUpdateCheck = 1230;
				LastUpgradeCheck = 1230;
				TargetAttributes = {
					9CBC1E1725AA7EDE003A6A90 = {
						CreatedOnToolsVersion = 12.3;
					};
					9CBC1E2D25AA7EEA003A6A90 = {
						CreatedOnToolsVersion = 12.3;
						TestTargetID = 9CBC1E1725AA7EDE003A6A90;
					};
					9CBC1E3825AA7EEA003A6A90 = {
						CreatedOnToolsVersion = 12.3;
						TestTargetID = 9CBC1E1725AA7EDE003A6A90;
					};
				};
			};
			buildConfigurationList = 9CBC1E1325AA7EDE003A6A90 /* Build configuration list for PBXProject "tippy" */;
			compatibilityVersion = "Xcode 9.3";
			developmentRegion = en;
			hasScannedForEncodings = 0;
			knownRegions = (
				en,
				Base,
			);
			mainGroup = 9CBC1E0F25AA7EDE003A6A90;
			productRefGroup = 9CBC1E1925AA7EDE003A6A90 /* Products */;
			projectDirPath = "";
			projectRoot = "";
			targets = (
				9CBC1E1725AA7EDE003A6A90 /* tippy */,
				9CBC1E2D25AA7EEA003A6A90 /* tippyTests */,
				9CBC1E3825AA7EEA003A6A90 /* tippyUITests */,
			);
		};
/* End PBXProject section */

/* Begin PBXResourcesBuildPhase section */
		9CBC1E1625AA7EDE003A6A90 /* Resources */ = {
			isa = PBXResourcesBuildPhase;
			buildActionMask = 2147483647;
			files = (
				9CBC1E2825AA7EE9003A6A90 /* LaunchScreen.storyboard in Resources */,
				9CBC1E2525AA7EE9003A6A90 /* Assets.xcassets in Resources */,
				9CBC1E2325AA7EDF003A6A90 /* Main.storyboard in Resources */,
			);
			runOnlyForDeploymentPostprocessing = 0;
		};
		9CBC1E2C25AA7EEA003A6A90 /* Resources */ = {
			isa = PBXResourcesBuildPhase;
			buildActionMask = 2147483647;
			files = (
			);
			runOnlyForDeploymentPostprocessing = 0;
		};
		9CBC1E3725AA7EEA003A6A90 /* Resources */ = {
			isa = PBXResourcesBuildPhase;
			buildActionMask = 2147483647;
			files = (
			);
			runOnlyForDeploymentPostprocessing = 0;
		};
/* End PBXResourcesBuildPhase section */

/* Begin PBXSourcesBuildPhase section */
		9CBC1E1425AA7EDE003A6A90 /* Sources */ = {
			isa = PBXSourcesBuildPhase;
			buildActionMask = 2147483647;
			files = (
				9CBC1E2025AA7EDF003A6A90 /* ViewController.swift in Sources */,
				9CBC1E1C25AA7EDF003A6A90 /* AppDelegate.swift in Sources */,
				9CBC1E1E25AA7EDF003A6A90 /* SceneDelegate.swift in Sources */,
			);
			runOnlyForDeploymentPostprocessing = 0;
		};
		9CBC1E2A25AA7EEA003A6A90 /* Sources */ = {
			isa = PBXSourcesBuildPhase;
			buildActionMask = 2147483647;
			files = (
				9CBC1E3325AA7EEA003A6A90 /* tippyTests.swift in Sources */,
			);
			runOnlyForDeploymentPostprocessing = 0;
		};
		9CBC1E3525AA7EEA003A6A90 /* Sources */ = {
			isa = PBXSourcesBuildPhase;
			buildActionMask = 2147483647;
			files = (
				9CBC1E3E25AA7EEA003A6A90 /* tippyUITests.swift in Sources */,
			);
			runOnlyForDeploymentPostprocessing = 0;
		};
/* End PBXSourcesBuildPhase section */

/* Begin PBXTargetDependency section */
		9CBC1E3025AA7EEA003A6A90 /* PBXTargetDependency */ = {
			isa = PBXTargetDependency;
			target = 9CBC1E1725AA7EDE003A6A90 /* tippy */;
			targetProxy = 9CBC1E2F25AA7EEA003A6A90 /* PBXContainerItemProxy */;
		};
		9CBC1E3B25AA7EEA003A6A90 /* PBXTargetDependency */ = {
			isa = PBXTargetDependency;
			target = 9CBC1E1725AA7EDE003A6A90 /* tippy */;
			targetProxy = 9CBC1E3A25AA7EEA003A6A90 /* PBXContainerItemProxy */;
		};
/* End PBXTargetDependency section */

/* Begin PBXVariantGroup section */
		9CBC1E2125AA7EDF003A6A90 /* Main.storyboard */ = {
			isa = PBXVariantGroup;
			children = (
				9CBC1E2225AA7EDF003A6A90 /* Base */,
			);
			name = Main.storyboard;
			sourceTree = "<group>";
		};
		9CBC1E2625AA7EE9003A6A90 /* LaunchScreen.storyboard */ = {
			isa = PBXVariantGroup;
			children = (
				9CBC1E2725AA7EE9003A6A90 /* Base */,
			);
			name = LaunchScreen.storyboard;
			sourceTree = "<group>";
		};
/* End PBXVariantGroup section */

/* Begin XCBuildConfiguration section */
		9CBC1E4025AA7EEA003A6A90 /* Debug */ = {
			isa = XCBuildConfiguration;
			buildSettings = {
				ALWAYS_SEARCH_USER_PATHS = NO;
				CLANG_ANALYZER_NONNULL = YES;
				CLANG_ANALYZER_NUMBER_OBJECT_CONVERSION = YES_AGGRESSIVE;
				CLANG_CXX_LANGUAGE_STANDARD = "gnu++14";
				CLANG_CXX_LIBRARY = "libc++";
				CLANG_ENABLE_MODULES = YES;
				CLANG_ENABLE_OBJC_ARC = YES;
				CLANG_ENABLE_OBJC_WEAK = YES;
				CLANG_WARN_BLOCK_CAPTURE_AUTORELEASING = YES;
				CLANG_WARN_BOOL_CONVERSION = YES;
				CLANG_WARN_COMMA = YES;
				CLANG_WARN_CONSTANT_CONVERSION = YES;
				CLANG_WARN_DEPRECATED_OBJC_IMPLEMENTATIONS = YES;
				CLANG_WARN_DIRECT_OBJC_ISA_USAGE = YES_ERROR;
				CLANG_WARN_DOCUMENTATION_COMMENTS = YES;
				CLANG_WARN_EMPTY_BODY = YES;
				CLANG_WARN_ENUM_CONVERSION = YES;
				CLANG_WARN_INFINITE_RECURSION = YES;
				CLANG_WARN_INT_CONVERSION = YES;
				CLANG_WARN_NON_LITERAL_NULL_CONVERSION = YES;
				CLANG_WARN_OBJC_IMPLICIT_RETAIN_SELF = YES;
				CLANG_WARN_OBJC_LITERAL_CONVERSION = YES;
				CLANG_WARN_OBJC_ROOT_CLASS = YES_ERROR;
				CLANG_WARN_QUOTED_INCLUDE_IN_FRAMEWORK_HEADER = YES;
				CLANG_WARN_RANGE_LOOP_ANALYSIS = YES;
				CLANG_WARN_STRICT_PROTOTYPES = YES;
				CLANG_WARN_SUSPICIOUS_MOVE = YES;
				CLANG_WARN_UNGUARDED_AVAILABILITY = YES_AGGRESSIVE;
				CLANG_WARN_UNREACHABLE_CODE = YES;
				CLANG_WARN__DUPLICATE_METHOD_MATCH = YES;
				COPY_PHASE_STRIP = NO;
				DEBUG_INFORMATION_FORMAT = dwarf;
				ENABLE_STRICT_OBJC_MSGSEND = YES;
				ENABLE_TESTABILITY = YES;
				GCC_C_LANGUAGE_STANDARD = gnu11;
				GCC_DYNAMIC_NO_PIC = NO;
				GCC_NO_COMMON_BLOCKS = YES;
				GCC_OPTIMIZATION_LEVEL = 0;
				GCC_PREPROCESSOR_DEFINITIONS = (
					"DEBUG=1",
					"$(inherited)",
				);
				GCC_WARN_64_TO_32_BIT_CONVERSION = YES;
				GCC_WARN_ABOUT_RETURN_TYPE = YES_ERROR;
				GCC_WARN_UNDECLARED_SELECTOR = YES;
				GCC_WARN_UNINITIALIZED_AUTOS = YES_AGGRESSIVE;
				GCC_WARN_UNUSED_FUNCTION = YES;
				GCC_WARN_UNUSED_VARIABLE = YES;
				IPHONEOS_DEPLOYMENT_TARGET = 14.3;
				MTL_ENABLE_DEBUG_INFO = INCLUDE_SOURCE;
				MTL_FAST_MATH = YES;
				ONLY_ACTIVE_ARCH = YES;
				SDKROOT = iphoneos;
				SWIFT_ACTIVE_COMPILATION_CONDITIONS = DEBUG;
				SWIFT_OPTIMIZATION_LEVEL = "-Onone";
			};
			name = Debug;
		};
		9CBC1E4125AA7EEA003A6A90 /* Release */ = {
			isa = XCBuildConfiguration;
			buildSettings = {
				ALWAYS_SEARCH_USER_PATHS = NO;
				CLANG_ANALYZER_NONNULL = YES;
				CLANG_ANALYZER_NUMBER_OBJECT_CONVERSION = YES_AGGRESSIVE;
				CLANG_CXX_LANGUAGE_STANDARD = "gnu++14";
				CLANG_CXX_LIBRARY = "libc++";
				CLANG_ENABLE_MODULES = YES;
				CLANG_ENABLE_OBJC_ARC = YES;
				CLANG_ENABLE_OBJC_WEAK = YES;
				CLANG_WARN_BLOCK_CAPTURE_AUTORELEASING = YES;
				CLANG_WARN_BOOL_CONVERSION = YES;
				CLANG_WARN_COMMA = YES;
				CLANG_WARN_CONSTANT_CONVERSION = YES;
				CLANG_WARN_DEPRECATED_OBJC_IMPLEMENTATIONS = YES;
				CLANG_WARN_DIRECT_OBJC_ISA_USAGE = YES_ERROR;
				CLANG_WARN_DOCUMENTATION_COMMENTS = YES;
				CLANG_WARN_EMPTY_BODY = YES;
				CLANG_WARN_ENUM_CONVERSION = YES;
				CLANG_WARN_INFINITE_RECURSION = YES;
				CLANG_WARN_INT_CONVERSION = YES;
				CLANG_WARN_NON_LITERAL_NULL_CONVERSION = YES;
				CLANG_WARN_OBJC_IMPLICIT_RETAIN_SELF = YES;
				CLANG_WARN_OBJC_LITERAL_CONVERSION = YES;
				CLANG_WARN_OBJC_ROOT_CLASS = YES_ERROR;
				CLANG_WARN_QUOTED_INCLUDE_IN_FRAMEWORK_HEADER = YES;
				CLANG_WARN_RANGE_LOOP_ANALYSIS = YES;
				CLANG_WARN_STRICT_PROTOTYPES = YES;
				CLANG_WARN_SUSPICIOUS_MOVE = YES;
				CLANG_WARN_UNGUARDED_AVAILABILITY = YES_AGGRESSIVE;
				CLANG_WARN_UNREACHABLE_CODE = YES;
				CLANG_WARN__DUPLICATE_METHOD_MATCH = YES;
				COPY_PHASE_STRIP = NO;
				DEBUG_INFORMATION_FORMAT = "dwarf-with-dsym";
				ENABLE_NS_ASSERTIONS = NO;
				ENABLE_STRICT_OBJC_MSGSEND = YES;
				GCC_C_LANGUAGE_STANDARD = gnu11;
				GCC_NO_COMMON_BLOCKS = YES;
				GCC_WARN_64_TO_32_BIT_CONVERSION = YES;
				GCC_WARN_ABOUT_RETURN_TYPE = YES_ERROR;
				GCC_WARN_UNDECLARED_SELECTOR = YES;
				GCC_WARN_UNINITIALIZED_AUTOS = YES_AGGRESSIVE;
				GCC_WARN_UNUSED_FUNCTION = YES;
				GCC_WARN_UNUSED_VARIABLE = YES;
				IPHONEOS_DEPLOYMENT_TARGET = 14.3;
				MTL_ENABLE_DEBUG_INFO = NO;
				MTL_FAST_MATH = YES;
				SDKROOT = iphoneos;
				SWIFT_COMPILATION_MODE = wholemodule;
				SWIFT_OPTIMIZATION_LEVEL = "-O";
				VALIDATE_PRODUCT = YES;
			};
			name = Release;
		};
		9CBC1E4325AA7EEA003A6A90 /* Debug */ = {
			isa = XCBuildConfiguration;
			buildSettings = {
				ASSETCATALOG_COMPILER_APPICON_NAME = AppIcon;
				ASSETCATALOG_COMPILER_GLOBAL_ACCENT_COLOR_NAME = AccentColor;
				CODE_SIGN_STYLE = Automatic;
				INFOPLIST_FILE = tippy/Info.plist;
				LD_RUNPATH_SEARCH_PATHS = (
					"$(inherited)",
					"@executable_path/Frameworks",
				);
				PRODUCT_BUNDLE_IDENTIFIER = com.codepath.tippy;
				PRODUCT_NAME = "$(TARGET_NAME)";
				SWIFT_VERSION = 5.0;
				TARGETED_DEVICE_FAMILY = "1,2";
			};
			name = Debug;
		};
		9CBC1E4425AA7EEA003A6A90 /* Release */ = {
			isa = XCBuildConfiguration;
			buildSettings = {
				ASSETCATALOG_COMPILER_APPICON_NAME = AppIcon;
				ASSETCATALOG_COMPILER_GLOBAL_ACCENT_COLOR_NAME = AccentColor;
				CODE_SIGN_STYLE = Automatic;
				INFOPLIST_FILE = tippy/Info.plist;
				LD_RUNPATH_SEARCH_PATHS = (
					"$(inherited)",
					"@executable_path/Frameworks",
				);
				PRODUCT_BUNDLE_IDENTIFIER = com.codepath.tippy;
				PRODUCT_NAME = "$(TARGET_NAME)";
				SWIFT_VERSION = 5.0;
				TARGETED_DEVICE_FAMILY = "1,2";
			};
			name = Release;
		};
		9CBC1E4625AA7EEA003A6A90 /* Debug */ = {
			isa = XCBuildConfiguration;
			buildSettings = {
				ALWAYS_EMBED_SWIFT_STANDARD_LIBRARIES = YES;
				BUNDLE_LOADER = "$(TEST_HOST)";
				CODE_SIGN_STYLE = Automatic;
				INFOPLIST_FILE = tippyTests/Info.plist;
				IPHONEOS_DEPLOYMENT_TARGET = 14.3;
				LD_RUNPATH_SEARCH_PATHS = (
					"$(inherited)",
					"@executable_path/Frameworks",
					"@loader_path/Frameworks",
				);
				PRODUCT_BUNDLE_IDENTIFIER = com.codepath.tippyTests;
				PRODUCT_NAME = "$(TARGET_NAME)";
				SWIFT_VERSION = 5.0;
				TARGETED_DEVICE_FAMILY = "1,2";
				TEST_HOST = "$(BUILT_PRODUCTS_DIR)/tippy.app/tippy";
			};
			name = Debug;
		};
		9CBC1E4725AA7EEA003A6A90 /* Release */ = {
			isa = XCBuildConfiguration;
			buildSettings = {
				ALWAYS_EMBED_SWIFT_STANDARD_LIBRARIES = YES;
				BUNDLE_LOADER = "$(TEST_HOST)";
				CODE_SIGN_STYLE = Automatic;
				INFOPLIST_FILE = tippyTests/Info.plist;
				IPHONEOS_DEPLOYMENT_TARGET = 14.3;
				LD_RUNPATH_SEARCH_PATHS = (
					"$(inherited)",
					"@executable_path/Frameworks",
					"@loader_path/Frameworks",
				);
				PRODUCT_BUNDLE_IDENTIFIER = com.codepath.tippyTests;
				PRODUCT_NAME = "$(TARGET_NAME)";
				SWIFT_VERSION = 5.0;
				TARGETED_DEVICE_FAMILY = "1,2";
				TEST_HOST = "$(BUILT_PRODUCTS_DIR)/tippy.app/tippy";
			};
			name = Release;
		};
		9CBC1E4925AA7EEA003A6A90 /* Debug */ = {
			isa = XCBuildConfiguration;
			buildSettings = {
				ALWAYS_EMBED_SWIFT_STANDARD_LIBRARIES = YES;
				CODE_SIGN_STYLE = Automatic;
				INFOPLIST_FILE = tippyUITests/Info.plist;
				LD_RUNPATH_SEARCH_PATHS = (
					"$(inherited)",
					"@executable_path/Frameworks",
					"@loader_path/Frameworks",
				);
				PRODUCT_BUNDLE_IDENTIFIER = com.codepath.tippyUITests;
				PRODUCT_NAME = "$(TARGET_NAME)";
				SWIFT_VERSION = 5.0;
				TARGETED_DEVICE_FAMILY = "1,2";
				TEST_TARGET_NAME = tippy;
			};
			name = Debug;
		};
		9CBC1E4A25AA7EEA003A6A90 /* Release */ = {
			isa = XCBuildConfiguration;
			buildSettings = {
				ALWAYS_EMBED_SWIFT_STANDARD_LIBRARIES = YES;
				CODE_SIGN_STYLE = Automatic;
				INFOPLIST_FILE = tippyUITests/Info.plist;
				LD_RUNPATH_SEARCH_PATHS = (
					"$(inherited)",
					"@executable_path/Frameworks",
					"@loader_path/Frameworks",
				);
				PRODUCT_BUNDLE_IDENTIFIER = com.codepath.tippyUITests;
				PRODUCT_NAME = "$(TARGET_NAME)";
				SWIFT_VERSION = 5.0;
				TARGETED_DEVICE_FAMILY = "1,2";
				TEST_TARGET_NAME = tippy;
			};
			name = Release;
		};
/* End XCBuildConfiguration section */

/* Begin XCConfigurationList section */
		9CBC1E1325AA7EDE003A6A90 /* Build configuration list for PBXProject "tippy" */ = {
			isa = XCConfigurationList;
			buildConfigurations = (
				9CBC1E4025AA7EEA003A6A90 /* Debug */,
				9CBC1E4125AA7EEA003A6A90 /* Release */,
			);
			defaultConfigurationIsVisible = 0;
			defaultConfigurationName = Release;
		};
		9CBC1E4225AA7EEA003A6A90 /* Build configuration list for PBXNativeTarget "tippy" */ = {
			isa = XCConfigurationList;
			buildConfigurations = (
				9CBC1E4325AA7EEA003A6A90 /* Debug */,
				9CBC1E4425AA7EEA003A6A90 /* Release */,
			);
			defaultConfigurationIsVisible = 0;
			defaultConfigurationName = Release;
		};
		9CBC1E4525AA7EEA003A6A90 /* Build configuration list for PBXNativeTarget "tippyTests" */ = {
			isa = XCConfigurationList;
			buildConfigurations = (
				9CBC1E4625AA7EEA003A6A90 /* Debug */,
				9CBC1E4725AA7EEA003A6A90 /* Release */,
			);
			defaultConfigurationIsVisible = 0;
			defaultConfigurationName = Release;
		};
		9CBC1E4825AA7EEA003A6A90 /* Build configuration list for PBXNativeTarget "tippyUITests" */ = {
			isa = XCConfigurationList;
			buildConfigurations = (
				9CBC1E4925AA7EEA003A6A90 /* Debug */,
				9CBC1E4A25AA7EEA003A6A90 /* Release */,
			);
			defaultConfigurationIsVisible = 0;
			defaultConfigurationName = Release;
		};
/* End XCConfigurationList section */
	};
	rootObject = 9CBC1E1025AA7EDE003A6A90 /* Project object */;
}
